
Microsoft Visual Studio Solution File, Format Version 12.00
# Visual Studio Version 16
VisualStudioVersion = 16.0.31613.86
MinimumVisualStudioVersion = 10.0.40219.1
Project("{FAE04EC0-301F-11D3-BF4B-00C04F79EFBC}") = "vrc-screenshot-to-misskey", "vrc-screenshot-to-misskey\vrc-screenshot-to-misskey.csproj", "{8403BD09-5645-45B0-8499-A63C2A8CE034}"
EndProject
Project("{FAE04EC0-301F-11D3-BF4B-00C04F79EFBC}") = "MisskeyDotNet", "D:\workspace\vrc-screenshot-to-misskey\Misskey.NET\MisskeyDotNet\MisskeyDotNet.csproj", "{583F4509-1A29-4F7F-984C-77BEDE2AC24B}"
EndProject
Global
	GlobalSection(SolutionConfigurationPlatforms) = preSolution
		Debug|Any CPU = Debug|Any CPU
		Release|Any CPU = Release|Any CPU
	EndGlobalSection
	GlobalSection(ProjectConfigurationPlatforms) = postSolution
		{8403BD09-5645-45B0-8499-A63C2A8CE034}.Debug|Any CPU.ActiveCfg = Debug|Any CPU
		{8403BD09-5645-45B0-8499-A63C2A8CE034}.Debug|Any CPU.Build.0 = Debug|Any CPU
		{8403BD09-5645-45B0-8499-A63C2A8CE034}.Release|Any CPU.ActiveCfg = Release|Any CPU
		{8403BD09-5645-45B0-8499-A63C2A8CE034}.Release|Any CPU.Build.0 = Release|Any CPU
		{583F4509-1A29-4F7F-984C-77BEDE2AC24B}.Debug|Any CPU.ActiveCfg = Debug|Any CPU
		{583F4509-1A29-4F7F-984C-77BEDE2AC24B}.Debug|Any CPU.Build.0 = Debug|Any CPU
		{583F4509-1A29-4F7F-984C-77BEDE2AC24B}.Release|Any CPU.ActiveCfg = Release|Any CPU
		{583F4509-1A29-4F7F-984C-77BEDE2AC24B}.Release|Any CPU.Build.0 = Release|Any CPU
	EndGlobalSection
	GlobalSection(SolutionProperties) = preSolution
		HideSolutionNode = FALSE
	EndGlobalSection
	GlobalSection(ExtensibilityGlobals) = postSolution
		SolutionGuid = {0E9E940F-0B8B-4D58-A6D5-5BFE46C96AB2}
	EndGlobalSection
EndGlobal
